
Microsoft Visual Studio Solution File, Format Version 12.00
# Visual Studio Version 17
VisualStudioVersion = 17.4.33205.214
MinimumVisualStudioVersion = 10.0.40219.1
Project("{FAE04EC0-301F-11D3-BF4B-00C04F79EFBC}") = "task1", "task1\task1.csproj", "{947F8053-C9C3-46D6-8EB3-22739186FABC}"
EndProject
Project("{FAE04EC0-301F-11D3-BF4B-00C04F79EFBC}") = "task2", "task2\task2.csproj", "{F456BEE1-EBB9-4103-9F57-B7F1E3959786}"
EndProject
Project("{FAE04EC0-301F-11D3-BF4B-00C04F79EFBC}") = "task3", "task3\task3.csproj", "{73AE83FA-22E4-442F-ADB7-4B738FE6ED96}"
EndProject
Project("{FAE04EC0-301F-11D3-BF4B-00C04F79EFBC}") = "dop.task4", "dop.task4\dop.task4.csproj", "{2E241872-A59A-4AFD-9381-1322F99A847F}"
EndProject
Project("{FAE04EC0-301F-11D3-BF4B-00C04F79EFBC}") = "dop.task5", "dop.task5\dop.task5.csproj", "{150597DE-FBFE-4419-A8BC-6A3C15BB8A59}"
EndProject
Project("{FAE04EC0-301F-11D3-BF4B-00C04F79EFBC}") = "dopTask6", "dopTask6\dopTask6.csproj", "{6ED781E0-6E76-46BF-9DC0-A9E3E9451F29}"
EndProject
Project("{FAE04EC0-301F-11D3-BF4B-00C04F79EFBC}") = "dop.task7", "dop.task7\dop.task7.csproj", "{036424F6-B23F-41CF-A8C7-24E6740CD4A4}"
EndProject
Project("{FAE04EC0-301F-11D3-BF4B-00C04F79EFBC}") = "1", "1\1.csproj", "{A41813D3-A617-4722-A691-E97686742CCA}"
EndProject
Global
	GlobalSection(SolutionConfigurationPlatforms) = preSolution
		Debug|Any CPU = Debug|Any CPU
		Release|Any CPU = Release|Any CPU
	EndGlobalSection
	GlobalSection(ProjectConfigurationPlatforms) = postSolution
		{947F8053-C9C3-46D6-8EB3-22739186FABC}.Debug|Any CPU.ActiveCfg = Debug|Any CPU
		{947F8053-C9C3-46D6-8EB3-22739186FABC}.Debug|Any CPU.Build.0 = Debug|Any CPU
		{947F8053-C9C3-46D6-8EB3-22739186FABC}.Release|Any CPU.ActiveCfg = Release|Any CPU
		{947F8053-C9C3-46D6-8EB3-22739186FABC}.Release|Any CPU.Build.0 = Release|Any CPU
		{F456BEE1-EBB9-4103-9F57-B7F1E3959786}.Debug|Any CPU.ActiveCfg = Debug|Any CPU
		{F456BEE1-EBB9-4103-9F57-B7F1E3959786}.Debug|Any CPU.Build.0 = Debug|Any CPU
		{F456BEE1-EBB9-4103-9F57-B7F1E3959786}.Release|Any CPU.ActiveCfg = Release|Any CPU
		{F456BEE1-EBB9-4103-9F57-B7F1E3959786}.Release|Any CPU.Build.0 = Release|Any CPU
		{73AE83FA-22E4-442F-ADB7-4B738FE6ED96}.Debug|Any CPU.ActiveCfg = Debug|Any CPU
		{73AE83FA-22E4-442F-ADB7-4B738FE6ED96}.Debug|Any CPU.Build.0 = Debug|Any CPU
		{73AE83FA-22E4-442F-ADB7-4B738FE6ED96}.Release|Any CPU.ActiveCfg = Release|Any CPU
		{73AE83FA-22E4-442F-ADB7-4B738FE6ED96}.Release|Any CPU.Build.0 = Release|Any CPU
		{2E241872-A59A-4AFD-9381-1322F99A847F}.Debug|Any CPU.ActiveCfg = Debug|Any CPU
		{2E241872-A59A-4AFD-9381-1322F99A847F}.Debug|Any CPU.Build.0 = Debug|Any CPU
		{2E241872-A59A-4AFD-9381-1322F99A847F}.Release|Any CPU.ActiveCfg = Release|Any CPU
		{2E241872-A59A-4AFD-9381-1322F99A847F}.Release|Any CPU.Build.0 = Release|Any CPU
		{150597DE-FBFE-4419-A8BC-6A3C15BB8A59}.Debug|Any CPU.ActiveCfg = Debug|Any CPU
		{150597DE-FBFE-4419-A8BC-6A3C15BB8A59}.Debug|Any CPU.Build.0 = Debug|Any CPU
		{150597DE-FBFE-4419-A8BC-6A3C15BB8A59}.Release|Any CPU.ActiveCfg = Release|Any CPU
		{150597DE-FBFE-4419-A8BC-6A3C15BB8A59}.Release|Any CPU.Build.0 = Release|Any CPU
		{6ED781E0-6E76-46BF-9DC0-A9E3E9451F29}.Debug|Any CPU.ActiveCfg = Debug|Any CPU
		{6ED781E0-6E76-46BF-9DC0-A9E3E9451F29}.Debug|Any CPU.Build.0 = Debug|Any CPU
		{6ED781E0-6E76-46BF-9DC0-A9E3E9451F29}.Release|Any CPU.ActiveCfg = Release|Any CPU
		{6ED781E0-6E76-46BF-9DC0-A9E3E9451F29}.Release|Any CPU.Build.0 = Release|Any CPU
		{036424F6-B23F-41CF-A8C7-24E6740CD4A4}.Debug|Any CPU.ActiveCfg = Debug|Any CPU
		{036424F6-B23F-41CF-A8C7-24E6740CD4A4}.Debug|Any CPU.Build.0 = Debug|Any CPU
		{036424F6-B23F-41CF-A8C7-24E6740CD4A4}.Release|Any CPU.ActiveCfg = Release|Any CPU
		{036424F6-B23F-41CF-A8C7-24E6740CD4A4}.Release|Any CPU.Build.0 = Release|Any CPU
		{A41813D3-A617-4722-A691-E97686742CCA}.Debug|Any CPU.ActiveCfg = Debug|Any CPU
		{A41813D3-A617-4722-A691-E97686742CCA}.Debug|Any CPU.Build.0 = Debug|Any CPU
		{A41813D3-A617-4722-A691-E97686742CCA}.Release|Any CPU.ActiveCfg = Release|Any CPU
		{A41813D3-A617-4722-A691-E97686742CCA}.Release|Any CPU.Build.0 = Release|Any CPU
	EndGlobalSection
	GlobalSection(SolutionProperties) = preSolution
		HideSolutionNode = FALSE
	EndGlobalSection
	GlobalSection(ExtensibilityGlobals) = postSolution
		SolutionGuid = {8A63CFF5-D447-4D89-B542-7048BB061D87}
	EndGlobalSection
EndGlobal
