
Microsoft Visual Studio Solution File, Format Version 12.00
# Visual Studio Version 17
VisualStudioVersion = 17.4.33213.308
MinimumVisualStudioVersion = 10.0.40219.1
Project("{FAE04EC0-301F-11D3-BF4B-00C04F79EFBC}") = "Task1", "Dz6\Task1.csproj", "{EBEC28E9-88C7-49BB-A232-2FE68ACA10EE}"
EndProject
Project("{FAE04EC0-301F-11D3-BF4B-00C04F79EFBC}") = "task2", "task2\task2.csproj", "{BF5828E8-8D82-45E3-AAA0-46EB9096A55D}"
EndProject
Global
	GlobalSection(SolutionConfigurationPlatforms) = preSolution
		Debug|Any CPU = Debug|Any CPU
		Release|Any CPU = Release|Any CPU
	EndGlobalSection
	GlobalSection(ProjectConfigurationPlatforms) = postSolution
		{EBEC28E9-88C7-49BB-A232-2FE68ACA10EE}.Debug|Any CPU.ActiveCfg = Debug|Any CPU
		{EBEC28E9-88C7-49BB-A232-2FE68ACA10EE}.Debug|Any CPU.Build.0 = Debug|Any CPU
		{EBEC28E9-88C7-49BB-A232-2FE68ACA10EE}.Release|Any CPU.ActiveCfg = Release|Any CPU
		{EBEC28E9-88C7-49BB-A232-2FE68ACA10EE}.Release|Any CPU.Build.0 = Release|Any CPU
		{BF5828E8-8D82-45E3-AAA0-46EB9096A55D}.Debug|Any CPU.ActiveCfg = Debug|Any CPU
		{BF5828E8-8D82-45E3-AAA0-46EB9096A55D}.Debug|Any CPU.Build.0 = Debug|Any CPU
		{BF5828E8-8D82-45E3-AAA0-46EB9096A55D}.Release|Any CPU.ActiveCfg = Release|Any CPU
		{BF5828E8-8D82-45E3-AAA0-46EB9096A55D}.Release|Any CPU.Build.0 = Release|Any CPU
	EndGlobalSection
	GlobalSection(SolutionProperties) = preSolution
		HideSolutionNode = FALSE
	EndGlobalSection
	GlobalSection(ExtensibilityGlobals) = postSolution
		SolutionGuid = {1EA29A25-A3DD-4FFC-BAE3-D46350D9CC25}
	EndGlobalSection
EndGlobal
